// !$*UTF8*$!
{
	archiveVersion = 1;
	classes = {
	};
	objectVersion = 56;
	objects = {

/* Begin PBXBuildFile section */
		3F0CBF322B17C00E00492D52 /* +UIView.swift in Sources */ = {isa = PBXBuildFile; fileRef = 3F0CBF312B17C00E00492D52 /* +UIView.swift */; };
		3F12B64F2B24C2390004DB6C /* FetchingService.swift in Sources */ = {isa = PBXBuildFile; fileRef = 3F12B64E2B24C2380004DB6C /* FetchingService.swift */; };
		3F12B6522B24DF850004DB6C /* Formatter.swift in Sources */ = {isa = PBXBuildFile; fileRef = 3F12B6512B24DF850004DB6C /* Formatter.swift */; };
		3F12B6542B24E2B70004DB6C /* ErrorViewModel.swift in Sources */ = {isa = PBXBuildFile; fileRef = 3F12B6532B24E2B70004DB6C /* ErrorViewModel.swift */; };
		3F204B452B14CCA60029A241 /* +UIImage.swift in Sources */ = {isa = PBXBuildFile; fileRef = 3F204B442B14CCA60029A241 /* +UIImage.swift */; };
		3F204B472B14DEA20029A241 /* DepartamentsView.swift in Sources */ = {isa = PBXBuildFile; fileRef = 3F204B462B14DEA20029A241 /* DepartamentsView.swift */; };
		3F36D6C52B1B5E0900EA67A7 /* SeparatorView.swift in Sources */ = {isa = PBXBuildFile; fileRef = 3F36D6C42B1B5E0900EA67A7 /* SeparatorView.swift */; };
		3F36D6C82B1BA20C00EA67A7 /* ErrorBanner.swift in Sources */ = {isa = PBXBuildFile; fileRef = 3F36D6C72B1BA20C00EA67A7 /* ErrorBanner.swift */; };
		3F43ED8D2B0E7FF80055BB1F /* Inter-Bold.ttf in Resources */ = {isa = PBXBuildFile; fileRef = 3F43ED862B0E7FF80055BB1F /* Inter-Bold.ttf */; };
		3F43ED8E2B0E7FF80055BB1F /* Inter-ExtraLight.ttf in Resources */ = {isa = PBXBuildFile; fileRef = 3F43ED872B0E7FF80055BB1F /* Inter-ExtraLight.ttf */; };
		3F43ED8F2B0E7FF80055BB1F /* Inter-Regular.ttf in Resources */ = {isa = PBXBuildFile; fileRef = 3F43ED882B0E7FF80055BB1F /* Inter-Regular.ttf */; };
		3F43ED902B0E7FF80055BB1F /* Inter-Thin.ttf in Resources */ = {isa = PBXBuildFile; fileRef = 3F43ED892B0E7FF80055BB1F /* Inter-Thin.ttf */; };
		3F43ED912B0E7FF80055BB1F /* Inter-Light.ttf in Resources */ = {isa = PBXBuildFile; fileRef = 3F43ED8A2B0E7FF80055BB1F /* Inter-Light.ttf */; };
		3F43ED922B0E7FF80055BB1F /* Inter-Medium.ttf in Resources */ = {isa = PBXBuildFile; fileRef = 3F43ED8B2B0E7FF80055BB1F /* Inter-Medium.ttf */; };
		3F43ED932B0E7FF80055BB1F /* Inter-ExtraBold.ttf in Resources */ = {isa = PBXBuildFile; fileRef = 3F43ED8C2B0E7FF80055BB1F /* Inter-ExtraBold.ttf */; };
		3F43ED952B0E812E0055BB1F /* +UIFont.swift in Sources */ = {isa = PBXBuildFile; fileRef = 3F43ED942B0E812E0055BB1F /* +UIFont.swift */; };
		3F43ED972B0E84310055BB1F /* +UIColor.swift in Sources */ = {isa = PBXBuildFile; fileRef = 3F43ED962B0E84310055BB1F /* +UIColor.swift */; };
		3F51A3E32B0D08B500BDAA93 /* AppDelegate.swift in Sources */ = {isa = PBXBuildFile; fileRef = 3F51A3E22B0D08B500BDAA93 /* AppDelegate.swift */; };
		3F51A3E52B0D08B500BDAA93 /* SceneDelegate.swift in Sources */ = {isa = PBXBuildFile; fileRef = 3F51A3E42B0D08B500BDAA93 /* SceneDelegate.swift */; };
		3F51A3E72B0D08B500BDAA93 /* MainViewController.swift in Sources */ = {isa = PBXBuildFile; fileRef = 3F51A3E62B0D08B500BDAA93 /* MainViewController.swift */; };
		3F51A3EC2B0D08B700BDAA93 /* Assets.xcassets in Resources */ = {isa = PBXBuildFile; fileRef = 3F51A3EB2B0D08B700BDAA93 /* Assets.xcassets */; };
		3F51A3F72B0D08E200BDAA93 /* EmployeeModel.swift in Sources */ = {isa = PBXBuildFile; fileRef = 3F51A3F62B0D08E200BDAA93 /* EmployeeModel.swift */; };
		3F51A3F92B0D08F700BDAA93 /* NetworkManager.swift in Sources */ = {isa = PBXBuildFile; fileRef = 3F51A3F82B0D08F700BDAA93 /* NetworkManager.swift */; };
		3F51A3FB2B0D093D00BDAA93 /* MainCellModel.swift in Sources */ = {isa = PBXBuildFile; fileRef = 3F51A3FA2B0D093D00BDAA93 /* MainCellModel.swift */; };
		3F51A3FD2B0D09A000BDAA93 /* MainViewModel.swift in Sources */ = {isa = PBXBuildFile; fileRef = 3F51A3FC2B0D09A000BDAA93 /* MainViewModel.swift */; };
		3F51A3FF2B0D0AF200BDAA93 /* DataStorage.swift in Sources */ = {isa = PBXBuildFile; fileRef = 3F51A3FE2B0D0AF200BDAA93 /* DataStorage.swift */; };
		3F6EAF9B2B190BCF00FD522E /* CorrectSearchView.swift in Sources */ = {isa = PBXBuildFile; fileRef = 3F6EAF9A2B190BCF00FD522E /* CorrectSearchView.swift */; };
		3F6EAF9D2B193C8000FD522E /* FilterViewModel.swift in Sources */ = {isa = PBXBuildFile; fileRef = 3F6EAF9C2B193C8000FD522E /* FilterViewModel.swift */; };
		3F6EAF9F2B1958A500FD522E /* ScreamRefreshControl.swift in Sources */ = {isa = PBXBuildFile; fileRef = 3F6EAF9E2B1958A500FD522E /* ScreamRefreshControl.swift */; };
		3F6EAFA32B1958E500FD522E /* CustomRefreshControl.swift in Sources */ = {isa = PBXBuildFile; fileRef = 3F6EAFA22B1958E500FD522E /* CustomRefreshControl.swift */; };
		3FB741ED2B1652BA00E7273A /* DepartamentCollectionViewCell.swift in Sources */ = {isa = PBXBuildFile; fileRef = 3FB741EC2B1652BA00E7273A /* DepartamentCollectionViewCell.swift */; };
		3FB741EF2B166FAF00E7273A /* FilterViewController.swift in Sources */ = {isa = PBXBuildFile; fileRef = 3FB741EE2B166FAF00E7273A /* FilterViewController.swift */; };
		3FB741F22B1672F300E7273A /* anchors+UIView.swift in Sources */ = {isa = PBXBuildFile; fileRef = 3FB741F12B1672F300E7273A /* anchors+UIView.swift */; };
		3FB984EF2B0FA196006B420B /* MainCell.swift in Sources */ = {isa = PBXBuildFile; fileRef = 3FB984EE2B0FA196006B420B /* MainCell.swift */; };
		3FB984F12B0FA361006B420B /* +UIIMageView.swift in Sources */ = {isa = PBXBuildFile; fileRef = 3FB984F02B0FA361006B420B /* +UIIMageView.swift */; };
		3FB984F32B0FABCC006B420B /* +UIViewController.swift in Sources */ = {isa = PBXBuildFile; fileRef = 3FB984F22B0FABCC006B420B /* +UIViewController.swift */; };
		3FB984F52B0FB5F0006B420B /* ConstantsManager.swift in Sources */ = {isa = PBXBuildFile; fileRef = 3FB984F42B0FB5F0006B420B /* ConstantsManager.swift */; };
		3FB984F82B0FBA2D006B420B /* SkeletonView in Frameworks */ = {isa = PBXBuildFile; productRef = 3FB984F72B0FBA2D006B420B /* SkeletonView */; };
		3FB9851A2B10170E006B420B /* ErrorViewController.swift in Sources */ = {isa = PBXBuildFile; fileRef = 3FB985192B10170E006B420B /* ErrorViewController.swift */; };
		3FB9851E2B101DFC006B420B /* Coordinator.swift in Sources */ = {isa = PBXBuildFile; fileRef = 3FB9851D2B101DFC006B420B /* Coordinator.swift */; };
		3FB985202B10C44A006B420B /* DetailsViewController.swift in Sources */ = {isa = PBXBuildFile; fileRef = 3FB9851F2B10C44A006B420B /* DetailsViewController.swift */; };
		3FB985222B10C488006B420B /* DetailsViewModel.swift in Sources */ = {isa = PBXBuildFile; fileRef = 3FB985212B10C488006B420B /* DetailsViewModel.swift */; };
		3FB985292B13D77F006B420B /* +Date.swift in Sources */ = {isa = PBXBuildFile; fileRef = 3FB985282B13D77F006B420B /* +Date.swift */; };
/* End PBXBuildFile section */

/* Begin PBXFileReference section */
		3F0CBF312B17C00E00492D52 /* +UIView.swift */ = {isa = PBXFileReference; lastKnownFileType = sourcecode.swift; path = "+UIView.swift"; sourceTree = "<group>"; };
		3F12B64E2B24C2380004DB6C /* FetchingService.swift */ = {isa = PBXFileReference; lastKnownFileType = sourcecode.swift; path = FetchingService.swift; sourceTree = "<group>"; };
		3F12B6512B24DF850004DB6C /* Formatter.swift */ = {isa = PBXFileReference; lastKnownFileType = sourcecode.swift; path = Formatter.swift; sourceTree = "<group>"; };
		3F12B6532B24E2B70004DB6C /* ErrorViewModel.swift */ = {isa = PBXFileReference; lastKnownFileType = sourcecode.swift; path = ErrorViewModel.swift; sourceTree = "<group>"; };
		3F204B442B14CCA60029A241 /* +UIImage.swift */ = {isa = PBXFileReference; lastKnownFileType = sourcecode.swift; path = "+UIImage.swift"; sourceTree = "<group>"; };
		3F204B462B14DEA20029A241 /* DepartamentsView.swift */ = {isa = PBXFileReference; lastKnownFileType = sourcecode.swift; path = DepartamentsView.swift; sourceTree = "<group>"; };
		3F36D6C42B1B5E0900EA67A7 /* SeparatorView.swift */ = {isa = PBXFileReference; lastKnownFileType = sourcecode.swift; path = SeparatorView.swift; sourceTree = "<group>"; };
		3F36D6C72B1BA20C00EA67A7 /* ErrorBanner.swift */ = {isa = PBXFileReference; lastKnownFileType = sourcecode.swift; path = ErrorBanner.swift; sourceTree = "<group>"; };
		3F43ED862B0E7FF80055BB1F /* Inter-Bold.ttf */ = {isa = PBXFileReference; lastKnownFileType = file; name = "Inter-Bold.ttf"; path = "../../../../../Downloads/Inter/static/Inter-Bold.ttf"; sourceTree = "<group>"; };
		3F43ED872B0E7FF80055BB1F /* Inter-ExtraLight.ttf */ = {isa = PBXFileReference; lastKnownFileType = file; name = "Inter-ExtraLight.ttf"; path = "../../../../../Downloads/Inter/static/Inter-ExtraLight.ttf"; sourceTree = "<group>"; };
		3F43ED882B0E7FF80055BB1F /* Inter-Regular.ttf */ = {isa = PBXFileReference; lastKnownFileType = file; name = "Inter-Regular.ttf"; path = "../../../../../Downloads/Inter/static/Inter-Regular.ttf"; sourceTree = "<group>"; };
		3F43ED892B0E7FF80055BB1F /* Inter-Thin.ttf */ = {isa = PBXFileReference; lastKnownFileType = file; name = "Inter-Thin.ttf"; path = "../../../../../Downloads/Inter/static/Inter-Thin.ttf"; sourceTree = "<group>"; };
		3F43ED8A2B0E7FF80055BB1F /* Inter-Light.ttf */ = {isa = PBXFileReference; lastKnownFileType = file; name = "Inter-Light.ttf"; path = "../../../../../Downloads/Inter/static/Inter-Light.ttf"; sourceTree = "<group>"; };
		3F43ED8B2B0E7FF80055BB1F /* Inter-Medium.ttf */ = {isa = PBXFileReference; lastKnownFileType = file; name = "Inter-Medium.ttf"; path = "../../../../../Downloads/Inter/static/Inter-Medium.ttf"; sourceTree = "<group>"; };
		3F43ED8C2B0E7FF80055BB1F /* Inter-ExtraBold.ttf */ = {isa = PBXFileReference; lastKnownFileType = file; name = "Inter-ExtraBold.ttf"; path = "../../../../../Downloads/Inter/static/Inter-ExtraBold.ttf"; sourceTree = "<group>"; };
		3F43ED942B0E812E0055BB1F /* +UIFont.swift */ = {isa = PBXFileReference; lastKnownFileType = sourcecode.swift; path = "+UIFont.swift"; sourceTree = "<group>"; };
		3F43ED962B0E84310055BB1F /* +UIColor.swift */ = {isa = PBXFileReference; lastKnownFileType = sourcecode.swift; path = "+UIColor.swift"; sourceTree = "<group>"; };
		3F51A3DF2B0D08B500BDAA93 /* KODE-Test-Task.app */ = {isa = PBXFileReference; explicitFileType = wrapper.application; includeInIndex = 0; path = "KODE-Test-Task.app"; sourceTree = BUILT_PRODUCTS_DIR; };
		3F51A3E22B0D08B500BDAA93 /* AppDelegate.swift */ = {isa = PBXFileReference; lastKnownFileType = sourcecode.swift; path = AppDelegate.swift; sourceTree = "<group>"; };
		3F51A3E42B0D08B500BDAA93 /* SceneDelegate.swift */ = {isa = PBXFileReference; lastKnownFileType = sourcecode.swift; path = SceneDelegate.swift; sourceTree = "<group>"; };
		3F51A3E62B0D08B500BDAA93 /* MainViewController.swift */ = {isa = PBXFileReference; lastKnownFileType = sourcecode.swift; path = MainViewController.swift; sourceTree = "<group>"; };
		3F51A3EB2B0D08B700BDAA93 /* Assets.xcassets */ = {isa = PBXFileReference; lastKnownFileType = folder.assetcatalog; path = Assets.xcassets; sourceTree = "<group>"; };
		3F51A3EE2B0D08B700BDAA93 /* Base */ = {isa = PBXFileReference; lastKnownFileType = file.storyboard; name = Base; path = Base.lproj/LaunchScreen.storyboard; sourceTree = "<group>"; };
		3F51A3F02B0D08B700BDAA93 /* Info.plist */ = {isa = PBXFileReference; lastKnownFileType = text.plist.xml; path = Info.plist; sourceTree = "<group>"; };
		3F51A3F62B0D08E200BDAA93 /* EmployeeModel.swift */ = {isa = PBXFileReference; lastKnownFileType = sourcecode.swift; path = EmployeeModel.swift; sourceTree = "<group>"; };
		3F51A3F82B0D08F700BDAA93 /* NetworkManager.swift */ = {isa = PBXFileReference; lastKnownFileType = sourcecode.swift; path = NetworkManager.swift; sourceTree = "<group>"; };
		3F51A3FA2B0D093D00BDAA93 /* MainCellModel.swift */ = {isa = PBXFileReference; lastKnownFileType = sourcecode.swift; path = MainCellModel.swift; sourceTree = "<group>"; };
		3F51A3FC2B0D09A000BDAA93 /* MainViewModel.swift */ = {isa = PBXFileReference; lastKnownFileType = sourcecode.swift; path = MainViewModel.swift; sourceTree = "<group>"; };
		3F51A3FE2B0D0AF200BDAA93 /* DataStorage.swift */ = {isa = PBXFileReference; lastKnownFileType = sourcecode.swift; path = DataStorage.swift; sourceTree = "<group>"; };
		3F6EAF9A2B190BCF00FD522E /* CorrectSearchView.swift */ = {isa = PBXFileReference; lastKnownFileType = sourcecode.swift; path = CorrectSearchView.swift; sourceTree = "<group>"; };
		3F6EAF9C2B193C8000FD522E /* FilterViewModel.swift */ = {isa = PBXFileReference; lastKnownFileType = sourcecode.swift; path = FilterViewModel.swift; sourceTree = "<group>"; };
		3F6EAF9E2B1958A500FD522E /* ScreamRefreshControl.swift */ = {isa = PBXFileReference; lastKnownFileType = sourcecode.swift; path = ScreamRefreshControl.swift; sourceTree = "<group>"; };
		3F6EAFA22B1958E500FD522E /* CustomRefreshControl.swift */ = {isa = PBXFileReference; lastKnownFileType = sourcecode.swift; path = CustomRefreshControl.swift; sourceTree = "<group>"; };
		3FB741EC2B1652BA00E7273A /* DepartamentCollectionViewCell.swift */ = {isa = PBXFileReference; lastKnownFileType = sourcecode.swift; path = DepartamentCollectionViewCell.swift; sourceTree = "<group>"; };
		3FB741EE2B166FAF00E7273A /* FilterViewController.swift */ = {isa = PBXFileReference; lastKnownFileType = sourcecode.swift; path = FilterViewController.swift; sourceTree = "<group>"; };
		3FB741F12B1672F300E7273A /* anchors+UIView.swift */ = {isa = PBXFileReference; lastKnownFileType = sourcecode.swift; path = "anchors+UIView.swift"; sourceTree = "<group>"; };
		3FB984EE2B0FA196006B420B /* MainCell.swift */ = {isa = PBXFileReference; lastKnownFileType = sourcecode.swift; path = MainCell.swift; sourceTree = "<group>"; };
		3FB984F02B0FA361006B420B /* +UIIMageView.swift */ = {isa = PBXFileReference; lastKnownFileType = sourcecode.swift; path = "+UIIMageView.swift"; sourceTree = "<group>"; };
		3FB984F22B0FABCC006B420B /* +UIViewController.swift */ = {isa = PBXFileReference; lastKnownFileType = sourcecode.swift; path = "+UIViewController.swift"; sourceTree = "<group>"; };
		3FB984F42B0FB5F0006B420B /* ConstantsManager.swift */ = {isa = PBXFileReference; lastKnownFileType = sourcecode.swift; path = ConstantsManager.swift; sourceTree = "<group>"; };
		3FB985192B10170E006B420B /* ErrorViewController.swift */ = {isa = PBXFileReference; lastKnownFileType = sourcecode.swift; path = ErrorViewController.swift; sourceTree = "<group>"; };
		3FB9851D2B101DFC006B420B /* Coordinator.swift */ = {isa = PBXFileReference; lastKnownFileType = sourcecode.swift; path = Coordinator.swift; sourceTree = "<group>"; };
		3FB9851F2B10C44A006B420B /* DetailsViewController.swift */ = {isa = PBXFileReference; lastKnownFileType = sourcecode.swift; path = DetailsViewController.swift; sourceTree = "<group>"; };
		3FB985212B10C488006B420B /* DetailsViewModel.swift */ = {isa = PBXFileReference; lastKnownFileType = sourcecode.swift; path = DetailsViewModel.swift; sourceTree = "<group>"; };
		3FB985282B13D77F006B420B /* +Date.swift */ = {isa = PBXFileReference; lastKnownFileType = sourcecode.swift; path = "+Date.swift"; sourceTree = "<group>"; };
/* End PBXFileReference section */

/* Begin PBXFrameworksBuildPhase section */
		3F51A3DC2B0D08B500BDAA93 /* Frameworks */ = {
			isa = PBXFrameworksBuildPhase;
			buildActionMask = 2147483647;
			files = (
				3FB984F82B0FBA2D006B420B /* SkeletonView in Frameworks */,
			);
			runOnlyForDeploymentPostprocessing = 0;
		};
/* End PBXFrameworksBuildPhase section */

/* Begin PBXGroup section */
		3F08F4C12B1E314A00CFCA4D /* Coordinator */ = {
			isa = PBXGroup;
			children = (
				3FB9851D2B101DFC006B420B /* Coordinator.swift */,
			);
			path = Coordinator;
			sourceTree = "<group>";
		};
		3F08F4C22B1E367C00CFCA4D /* AdditionalViews */ = {
			isa = PBXGroup;
			children = (
				3F36D6C62B1BA1A100EA67A7 /* CustomRefreshControl */,
				3F36D6C42B1B5E0900EA67A7 /* SeparatorView.swift */,
				3F36D6C72B1BA20C00EA67A7 /* ErrorBanner.swift */,
				3F6EAF9A2B190BCF00FD522E /* CorrectSearchView.swift */,
			);
			path = AdditionalViews;
			sourceTree = "<group>";
		};
		3F12B6502B24DF760004DB6C /* Helpers */ = {
			isa = PBXGroup;
			children = (
				3F12B6512B24DF850004DB6C /* Formatter.swift */,
			);
			path = Helpers;
			sourceTree = "<group>";
		};
		3F36D6C62B1BA1A100EA67A7 /* CustomRefreshControl */ = {
			isa = PBXGroup;
			children = (
				3F6EAF9E2B1958A500FD522E /* ScreamRefreshControl.swift */,
				3F6EAFA22B1958E500FD522E /* CustomRefreshControl.swift */,
			);
			path = CustomRefreshControl;
			sourceTree = "<group>";
		};
		3F43ED852B0E7F6A0055BB1F /* fonts */ = {
			isa = PBXGroup;
			children = (
				3F43ED862B0E7FF80055BB1F /* Inter-Bold.ttf */,
				3F43ED8C2B0E7FF80055BB1F /* Inter-ExtraBold.ttf */,
				3F43ED872B0E7FF80055BB1F /* Inter-ExtraLight.ttf */,
				3F43ED8A2B0E7FF80055BB1F /* Inter-Light.ttf */,
				3F43ED8B2B0E7FF80055BB1F /* Inter-Medium.ttf */,
				3F43ED882B0E7FF80055BB1F /* Inter-Regular.ttf */,
				3F43ED892B0E7FF80055BB1F /* Inter-Thin.ttf */,
			);
			path = fonts;
			sourceTree = "<group>";
		};
		3F43ED982B0E8A310055BB1F /* extensions */ = {
			isa = PBXGroup;
			children = (
				3F43ED962B0E84310055BB1F /* +UIColor.swift */,
				3F43ED942B0E812E0055BB1F /* +UIFont.swift */,
				3FB985282B13D77F006B420B /* +Date.swift */,
				3FB984F02B0FA361006B420B /* +UIIMageView.swift */,
				3FB984F22B0FABCC006B420B /* +UIViewController.swift */,
				3F204B442B14CCA60029A241 /* +UIImage.swift */,
				3FB741F12B1672F300E7273A /* anchors+UIView.swift */,
				3F0CBF312B17C00E00492D52 /* +UIView.swift */,
			);
			path = extensions;
			sourceTree = "<group>";
		};
		3F43ED992B0E8A540055BB1F /* Services */ = {
			isa = PBXGroup;
			children = (
				3F43ED9A2B0E8A5A0055BB1F /* Networking */,
				3F43ED9B2B0E8A6A0055BB1F /* Data */,
				3FB984F42B0FB5F0006B420B /* ConstantsManager.swift */,
			);
			path = Services;
			sourceTree = "<group>";
		};
		3F43ED9A2B0E8A5A0055BB1F /* Networking */ = {
			isa = PBXGroup;
			children = (
				3F51A3F82B0D08F700BDAA93 /* NetworkManager.swift */,
				3F12B64E2B24C2380004DB6C /* FetchingService.swift */,
			);
			path = Networking;
			sourceTree = "<group>";
		};
		3F43ED9B2B0E8A6A0055BB1F /* Data */ = {
			isa = PBXGroup;
			children = (
				3F51A3F62B0D08E200BDAA93 /* EmployeeModel.swift */,
				3F51A3FE2B0D0AF200BDAA93 /* DataStorage.swift */,
			);
			path = Data;
			sourceTree = "<group>";
		};
		3F43ED9C2B0E8A8F0055BB1F /* MainViewController */ = {
			isa = PBXGroup;
			children = (
				3F51A3E62B0D08B500BDAA93 /* MainViewController.swift */,
				3F51A3FC2B0D09A000BDAA93 /* MainViewModel.swift */,
				3FB741EB2B16529700E7273A /* DepartamentsView */,
				3FB9851C2B101DA9006B420B /* MainViewCell */,
			);
			path = MainViewController;
			sourceTree = "<group>";
		};
		3F51A3D62B0D08B500BDAA93 = {
			isa = PBXGroup;
			children = (
				3F51A3E12B0D08B500BDAA93 /* KODE-Test-Task */,
				3F51A3E02B0D08B500BDAA93 /* Products */,
			);
			sourceTree = "<group>";
		};
		3F51A3E02B0D08B500BDAA93 /* Products */ = {
			isa = PBXGroup;
			children = (
				3F51A3DF2B0D08B500BDAA93 /* KODE-Test-Task.app */,
			);
			name = Products;
			sourceTree = "<group>";
		};
		3F51A3E12B0D08B500BDAA93 /* KODE-Test-Task */ = {
			isa = PBXGroup;
			children = (
				3F51A3E22B0D08B500BDAA93 /* AppDelegate.swift */,
				3F51A3E42B0D08B500BDAA93 /* SceneDelegate.swift */,
				3F08F4C12B1E314A00CFCA4D /* Coordinator */,
				3F43ED9C2B0E8A8F0055BB1F /* MainViewController */,
				3FB985232B10C492006B420B /* DetailsViewController */,
				3F08F4C22B1E367C00CFCA4D /* AdditionalViews */,
				3FB741F02B166FC000E7273A /* FilterViewController */,
				3FB9851B2B101D96006B420B /* ErrorViewController */,
				3F12B6502B24DF760004DB6C /* Helpers */,
				3F43ED992B0E8A540055BB1F /* Services */,
				3F43ED982B0E8A310055BB1F /* extensions */,
				3F43ED852B0E7F6A0055BB1F /* fonts */,
				3F51A3EB2B0D08B700BDAA93 /* Assets.xcassets */,
				3F51A3ED2B0D08B700BDAA93 /* LaunchScreen.storyboard */,
				3F51A3F02B0D08B700BDAA93 /* Info.plist */,
			);
			path = "KODE-Test-Task";
			sourceTree = "<group>";
		};
		3FB741EB2B16529700E7273A /* DepartamentsView */ = {
			isa = PBXGroup;
			children = (
				3F204B462B14DEA20029A241 /* DepartamentsView.swift */,
				3FB741EC2B1652BA00E7273A /* DepartamentCollectionViewCell.swift */,
			);
			path = DepartamentsView;
			sourceTree = "<group>";
		};
		3FB741F02B166FC000E7273A /* FilterViewController */ = {
			isa = PBXGroup;
			children = (
				3FB741EE2B166FAF00E7273A /* FilterViewController.swift */,
				3F6EAF9C2B193C8000FD522E /* FilterViewModel.swift */,
			);
			path = FilterViewController;
			sourceTree = "<group>";
		};
		3FB9851B2B101D96006B420B /* ErrorViewController */ = {
			isa = PBXGroup;
			children = (
				3FB985192B10170E006B420B /* ErrorViewController.swift */,
				3F12B6532B24E2B70004DB6C /* ErrorViewModel.swift */,
			);
			path = ErrorViewController;
			sourceTree = "<group>";
		};
		3FB9851C2B101DA9006B420B /* MainViewCell */ = {
			isa = PBXGroup;
			children = (
				3F51A3FA2B0D093D00BDAA93 /* MainCellModel.swift */,
				3FB984EE2B0FA196006B420B /* MainCell.swift */,
			);
			path = MainViewCell;
			sourceTree = "<group>";
		};
		3FB985232B10C492006B420B /* DetailsViewController */ = {
			isa = PBXGroup;
			children = (
				3FB9851F2B10C44A006B420B /* DetailsViewController.swift */,
				3FB985212B10C488006B420B /* DetailsViewModel.swift */,
			);
			path = DetailsViewController;
			sourceTree = "<group>";
		};
/* End PBXGroup section */

/* Begin PBXNativeTarget section */
		3F51A3DE2B0D08B500BDAA93 /* KODE-Test-Task */ = {
			isa = PBXNativeTarget;
			buildConfigurationList = 3F51A3F32B0D08B700BDAA93 /* Build configuration list for PBXNativeTarget "KODE-Test-Task" */;
			buildPhases = (
				6AFB16096FCDEA65448D10B1 /* [CP] Check Pods Manifest.lock */,
				3F51A3DB2B0D08B500BDAA93 /* Sources */,
				3F51A3DC2B0D08B500BDAA93 /* Frameworks */,
				3F51A3DD2B0D08B500BDAA93 /* Resources */,
			);
			buildRules = (
			);
			dependencies = (
			);
			name = "KODE-Test-Task";
			packageProductDependencies = (
				3FB984F72B0FBA2D006B420B /* SkeletonView */,
			);
			productName = "KODE-Test-Task";
			productReference = 3F51A3DF2B0D08B500BDAA93 /* KODE-Test-Task.app */;
			productType = "com.apple.product-type.application";
		};
/* End PBXNativeTarget section */

/* Begin PBXProject section */
		3F51A3D72B0D08B500BDAA93 /* Project object */ = {
			isa = PBXProject;
			attributes = {
				BuildIndependentTargetsInParallel = 1;
				LastSwiftUpdateCheck = 1500;
				LastUpgradeCheck = 1500;
				TargetAttributes = {
					3F51A3DE2B0D08B500BDAA93 = {
						CreatedOnToolsVersion = 15.0.1;
					};
				};
			};
			buildConfigurationList = 3F51A3DA2B0D08B500BDAA93 /* Build configuration list for PBXProject "KODE-Test-Task" */;
			compatibilityVersion = "Xcode 14.0";
			developmentRegion = en;
			hasScannedForEncodings = 0;
			knownRegions = (
				en,
				Base,
			);
			mainGroup = 3F51A3D62B0D08B500BDAA93;
			packageReferences = (
				3FB984F62B0FBA2D006B420B /* XCRemoteSwiftPackageReference "SkeletonView" */,
			);
			productRefGroup = 3F51A3E02B0D08B500BDAA93 /* Products */;
			projectDirPath = "";
			projectRoot = "";
			targets = (
				3F51A3DE2B0D08B500BDAA93 /* KODE-Test-Task */,
			);
		};
/* End PBXProject section */

/* Begin PBXResourcesBuildPhase section */
		3F51A3DD2B0D08B500BDAA93 /* Resources */ = {
			isa = PBXResourcesBuildPhase;
			buildActionMask = 2147483647;
			files = (
				3F43ED8D2B0E7FF80055BB1F /* Inter-Bold.ttf in Resources */,
				3F43ED8E2B0E7FF80055BB1F /* Inter-ExtraLight.ttf in Resources */,
				3F43ED8F2B0E7FF80055BB1F /* Inter-Regular.ttf in Resources */,
				3F43ED932B0E7FF80055BB1F /* Inter-ExtraBold.ttf in Resources */,
				3F43ED902B0E7FF80055BB1F /* Inter-Thin.ttf in Resources */,
				3F43ED922B0E7FF80055BB1F /* Inter-Medium.ttf in Resources */,
				3F43ED912B0E7FF80055BB1F /* Inter-Light.ttf in Resources */,
				3F51A3EC2B0D08B700BDAA93 /* Assets.xcassets in Resources */,
			);
			runOnlyForDeploymentPostprocessing = 0;
		};
/* End PBXResourcesBuildPhase section */

/* Begin PBXShellScriptBuildPhase section */
		6AFB16096FCDEA65448D10B1 /* [CP] Check Pods Manifest.lock */ = {
			isa = PBXShellScriptBuildPhase;
			buildActionMask = 2147483647;
			files = (
			);
			inputFileListPaths = (
			);
			inputPaths = (
				"${PODS_PODFILE_DIR_PATH}/Podfile.lock",
				"${PODS_ROOT}/Manifest.lock",
			);
			name = "[CP] Check Pods Manifest.lock";
			outputFileListPaths = (
			);
			outputPaths = (
				"$(DERIVED_FILE_DIR)/Pods-KODE-Test-Task-checkManifestLockResult.txt",
			);
			runOnlyForDeploymentPostprocessing = 0;
			shellPath = /bin/sh;
			shellScript = "
";
			showEnvVarsInLog = 0;
		};
/* End PBXShellScriptBuildPhase section */

/* Begin PBXSourcesBuildPhase section */
		3F51A3DB2B0D08B500BDAA93 /* Sources */ = {
			isa = PBXSourcesBuildPhase;
			buildActionMask = 2147483647;
			files = (
				3F12B6522B24DF850004DB6C /* Formatter.swift in Sources */,
				3FB9851E2B101DFC006B420B /* Coordinator.swift in Sources */,
				3F43ED952B0E812E0055BB1F /* +UIFont.swift in Sources */,
				3FB984F32B0FABCC006B420B /* +UIViewController.swift in Sources */,
				3F51A3E72B0D08B500BDAA93 /* MainViewController.swift in Sources */,
				3F51A3E32B0D08B500BDAA93 /* AppDelegate.swift in Sources */,
				3F6EAF9B2B190BCF00FD522E /* CorrectSearchView.swift in Sources */,
				3FB984EF2B0FA196006B420B /* MainCell.swift in Sources */,
				3FB985292B13D77F006B420B /* +Date.swift in Sources */,
				3F12B6542B24E2B70004DB6C /* ErrorViewModel.swift in Sources */,
				3F51A3F92B0D08F700BDAA93 /* NetworkManager.swift in Sources */,
				3F12B64F2B24C2390004DB6C /* FetchingService.swift in Sources */,
				3F51A3F72B0D08E200BDAA93 /* EmployeeModel.swift in Sources */,
				3FB9851A2B10170E006B420B /* ErrorViewController.swift in Sources */,
				3F36D6C82B1BA20C00EA67A7 /* ErrorBanner.swift in Sources */,
				3FB741ED2B1652BA00E7273A /* DepartamentCollectionViewCell.swift in Sources */,
				3FB741F22B1672F300E7273A /* anchors+UIView.swift in Sources */,
				3FB985202B10C44A006B420B /* DetailsViewController.swift in Sources */,
				3F51A3E52B0D08B500BDAA93 /* SceneDelegate.swift in Sources */,
				3F51A3FB2B0D093D00BDAA93 /* MainCellModel.swift in Sources */,
				3FB984F12B0FA361006B420B /* +UIIMageView.swift in Sources */,
				3F43ED972B0E84310055BB1F /* +UIColor.swift in Sources */,
				3F51A3FF2B0D0AF200BDAA93 /* DataStorage.swift in Sources */,
				3FB741EF2B166FAF00E7273A /* FilterViewController.swift in Sources */,
				3F0CBF322B17C00E00492D52 /* +UIView.swift in Sources */,
				3F51A3FD2B0D09A000BDAA93 /* MainViewModel.swift in Sources */,
				3F6EAFA32B1958E500FD522E /* CustomRefreshControl.swift in Sources */,
				3F6EAF9F2B1958A500FD522E /* ScreamRefreshControl.swift in Sources */,
				3F36D6C52B1B5E0900EA67A7 /* SeparatorView.swift in Sources */,
				3F204B452B14CCA60029A241 /* +UIImage.swift in Sources */,
				3FB984F52B0FB5F0006B420B /* ConstantsManager.swift in Sources */,
				3F6EAF9D2B193C8000FD522E /* FilterViewModel.swift in Sources */,
				3FB985222B10C488006B420B /* DetailsViewModel.swift in Sources */,
				3F204B472B14DEA20029A241 /* DepartamentsView.swift in Sources */,
			);
			runOnlyForDeploymentPostprocessing = 0;
		};
/* End PBXSourcesBuildPhase section */

/* Begin PBXVariantGroup section */
		3F51A3ED2B0D08B700BDAA93 /* LaunchScreen.storyboard */ = {
			isa = PBXVariantGroup;
			children = (
				3F51A3EE2B0D08B700BDAA93 /* Base */,
			);
			name = LaunchScreen.storyboard;
			sourceTree = "<group>";
		};
/* End PBXVariantGroup section */

/* Begin XCBuildConfiguration section */
		3F51A3F12B0D08B700BDAA93 /* Debug */ = {
			isa = XCBuildConfiguration;
			buildSettings = {
				ALWAYS_SEARCH_USER_PATHS = NO;
				ASSETCATALOG_COMPILER_GENERATE_SWIFT_ASSET_SYMBOL_EXTENSIONS = YES;
				CLANG_ANALYZER_NONNULL = YES;
				CLANG_ANALYZER_NUMBER_OBJECT_CONVERSION = YES_AGGRESSIVE;
				CLANG_CXX_LANGUAGE_STANDARD = "gnu++20";
				CLANG_ENABLE_MODULES = YES;
				CLANG_ENABLE_OBJC_ARC = YES;
				CLANG_ENABLE_OBJC_WEAK = YES;
				CLANG_WARN_BLOCK_CAPTURE_AUTORELEASING = YES;
				CLANG_WARN_BOOL_CONVERSION = YES;
				CLANG_WARN_COMMA = YES;
				CLANG_WARN_CONSTANT_CONVERSION = YES;
				CLANG_WARN_DEPRECATED_OBJC_IMPLEMENTATIONS = YES;
				CLANG_WARN_DIRECT_OBJC_ISA_USAGE = YES_ERROR;
				CLANG_WARN_DOCUMENTATION_COMMENTS = YES;
				CLANG_WARN_EMPTY_BODY = YES;
				CLANG_WARN_ENUM_CONVERSION = YES;
				CLANG_WARN_INFINITE_RECURSION = YES;
				CLANG_WARN_INT_CONVERSION = YES;
				CLANG_WARN_NON_LITERAL_NULL_CONVERSION = YES;
				CLANG_WARN_OBJC_IMPLICIT_RETAIN_SELF = YES;
				CLANG_WARN_OBJC_LITERAL_CONVERSION = YES;
				CLANG_WARN_OBJC_ROOT_CLASS = YES_ERROR;
				CLANG_WARN_QUOTED_INCLUDE_IN_FRAMEWORK_HEADER = YES;
				CLANG_WARN_RANGE_LOOP_ANALYSIS = YES;
				CLANG_WARN_STRICT_PROTOTYPES = YES;
				CLANG_WARN_SUSPICIOUS_MOVE = YES;
				CLANG_WARN_UNGUARDED_AVAILABILITY = YES_AGGRESSIVE;
				CLANG_WARN_UNREACHABLE_CODE = YES;
				CLANG_WARN__DUPLICATE_METHOD_MATCH = YES;
				COPY_PHASE_STRIP = NO;
				DEBUG_INFORMATION_FORMAT = dwarf;
				ENABLE_STRICT_OBJC_MSGSEND = YES;
				ENABLE_TESTABILITY = YES;
				ENABLE_USER_SCRIPT_SANDBOXING = YES;
				GCC_C_LANGUAGE_STANDARD = gnu17;
				GCC_DYNAMIC_NO_PIC = NO;
				GCC_NO_COMMON_BLOCKS = YES;
				GCC_OPTIMIZATION_LEVEL = 0;
				GCC_PREPROCESSOR_DEFINITIONS = (
					"DEBUG=1",
					"$(inherited)",
				);
				GCC_WARN_64_TO_32_BIT_CONVERSION = YES;
				GCC_WARN_ABOUT_RETURN_TYPE = YES_ERROR;
				GCC_WARN_UNDECLARED_SELECTOR = YES;
				GCC_WARN_UNINITIALIZED_AUTOS = YES_AGGRESSIVE;
				GCC_WARN_UNUSED_FUNCTION = YES;
				GCC_WARN_UNUSED_VARIABLE = YES;
				IPHONEOS_DEPLOYMENT_TARGET = 17.0;
				LOCALIZATION_PREFERS_STRING_CATALOGS = YES;
				MTL_ENABLE_DEBUG_INFO = INCLUDE_SOURCE;
				MTL_FAST_MATH = YES;
				ONLY_ACTIVE_ARCH = YES;
				SDKROOT = iphoneos;
				SWIFT_ACTIVE_COMPILATION_CONDITIONS = "DEBUG $(inherited)";
				SWIFT_OPTIMIZATION_LEVEL = "-Onone";
			};
			name = Debug;
		};
		3F51A3F22B0D08B700BDAA93 /* Release */ = {
			isa = XCBuildConfiguration;
			buildSettings = {
				ALWAYS_SEARCH_USER_PATHS = NO;
				ASSETCATALOG_COMPILER_GENERATE_SWIFT_ASSET_SYMBOL_EXTENSIONS = YES;
				CLANG_ANALYZER_NONNULL = YES;
				CLANG_ANALYZER_NUMBER_OBJECT_CONVERSION = YES_AGGRESSIVE;
				CLANG_CXX_LANGUAGE_STANDARD = "gnu++20";
				CLANG_ENABLE_MODULES = YES;
				CLANG_ENABLE_OBJC_ARC = YES;
				CLANG_ENABLE_OBJC_WEAK = YES;
				CLANG_WARN_BLOCK_CAPTURE_AUTORELEASING = YES;
				CLANG_WARN_BOOL_CONVERSION = YES;
				CLANG_WARN_COMMA = YES;
				CLANG_WARN_CONSTANT_CONVERSION = YES;
				CLANG_WARN_DEPRECATED_OBJC_IMPLEMENTATIONS = YES;
				CLANG_WARN_DIRECT_OBJC_ISA_USAGE = YES_ERROR;
				CLANG_WARN_DOCUMENTATION_COMMENTS = YES;
				CLANG_WARN_EMPTY_BODY = YES;
				CLANG_WARN_ENUM_CONVERSION = YES;
				CLANG_WARN_INFINITE_RECURSION = YES;
				CLANG_WARN_INT_CONVERSION = YES;
				CLANG_WARN_NON_LITERAL_NULL_CONVERSION = YES;
				CLANG_WARN_OBJC_IMPLICIT_RETAIN_SELF = YES;
				CLANG_WARN_OBJC_LITERAL_CONVERSION = YES;
				CLANG_WARN_OBJC_ROOT_CLASS = YES_ERROR;
				CLANG_WARN_QUOTED_INCLUDE_IN_FRAMEWORK_HEADER = YES;
				CLANG_WARN_RANGE_LOOP_ANALYSIS = YES;
				CLANG_WARN_STRICT_PROTOTYPES = YES;
				CLANG_WARN_SUSPICIOUS_MOVE = YES;
				CLANG_WARN_UNGUARDED_AVAILABILITY = YES_AGGRESSIVE;
				CLANG_WARN_UNREACHABLE_CODE = YES;
				CLANG_WARN__DUPLICATE_METHOD_MATCH = YES;
				COPY_PHASE_STRIP = NO;
				DEBUG_INFORMATION_FORMAT = "dwarf-with-dsym";
				ENABLE_NS_ASSERTIONS = NO;
				ENABLE_STRICT_OBJC_MSGSEND = YES;
				ENABLE_USER_SCRIPT_SANDBOXING = YES;
				GCC_C_LANGUAGE_STANDARD = gnu17;
				GCC_NO_COMMON_BLOCKS = YES;
				GCC_WARN_64_TO_32_BIT_CONVERSION = YES;
				GCC_WARN_ABOUT_RETURN_TYPE = YES_ERROR;
				GCC_WARN_UNDECLARED_SELECTOR = YES;
				GCC_WARN_UNINITIALIZED_AUTOS = YES_AGGRESSIVE;
				GCC_WARN_UNUSED_FUNCTION = YES;
				GCC_WARN_UNUSED_VARIABLE = YES;
				IPHONEOS_DEPLOYMENT_TARGET = 17.0;
				LOCALIZATION_PREFERS_STRING_CATALOGS = YES;
				MTL_ENABLE_DEBUG_INFO = NO;
				MTL_FAST_MATH = YES;
				SDKROOT = iphoneos;
				SWIFT_COMPILATION_MODE = wholemodule;
				VALIDATE_PRODUCT = YES;
			};
			name = Release;
		};
		3F51A3F42B0D08B700BDAA93 /* Debug */ = {
			isa = XCBuildConfiguration;
			buildSettings = {
				ASSETCATALOG_COMPILER_APPICON_NAME = AppIcon;
				ASSETCATALOG_COMPILER_GLOBAL_ACCENT_COLOR_NAME = AccentColor;
				CODE_SIGN_STYLE = Automatic;
				CURRENT_PROJECT_VERSION = 1;
				DEVELOPMENT_TEAM = X5W2D75BZ8;
				GENERATE_INFOPLIST_FILE = YES;
				INFOPLIST_FILE = "KODE-Test-Task/Info.plist";
				INFOPLIST_KEY_UIApplicationSupportsIndirectInputEvents = YES;
				INFOPLIST_KEY_UILaunchStoryboardName = LaunchScreen;
				INFOPLIST_KEY_UISupportedInterfaceOrientations_iPad = "UIInterfaceOrientationPortrait UIInterfaceOrientationPortraitUpsideDown UIInterfaceOrientationLandscapeLeft UIInterfaceOrientationLandscapeRight";
				INFOPLIST_KEY_UISupportedInterfaceOrientations_iPhone = "UIInterfaceOrientationPortrait UIInterfaceOrientationLandscapeLeft UIInterfaceOrientationLandscapeRight";
				IPHONEOS_DEPLOYMENT_TARGET = 16.0;
				LD_RUNPATH_SEARCH_PATHS = (
					"$(inherited)",
					"@executable_path/Frameworks",
				);
				MARKETING_VERSION = 1.0;
				PRODUCT_BUNDLE_IDENTIFIER = "com.ya.KODE-Test-Task";
				PRODUCT_NAME = "$(TARGET_NAME)";
				SWIFT_EMIT_LOC_STRINGS = YES;
				SWIFT_VERSION = 5.0;
				TARGETED_DEVICE_FAMILY = "1,2";
			};
			name = Debug;
		};
		3F51A3F52B0D08B700BDAA93 /* Release */ = {
			isa = XCBuildConfiguration;
			buildSettings = {
				ASSETCATALOG_COMPILER_APPICON_NAME = AppIcon;
				ASSETCATALOG_COMPILER_GLOBAL_ACCENT_COLOR_NAME = AccentColor;
				CODE_SIGN_STYLE = Automatic;
				CURRENT_PROJECT_VERSION = 1;
				DEVELOPMENT_TEAM = X5W2D75BZ8;
				GENERATE_INFOPLIST_FILE = YES;
				INFOPLIST_FILE = "KODE-Test-Task/Info.plist";
				INFOPLIST_KEY_UIApplicationSupportsIndirectInputEvents = YES;
				INFOPLIST_KEY_UILaunchStoryboardName = LaunchScreen;
				INFOPLIST_KEY_UISupportedInterfaceOrientations_iPad = "UIInterfaceOrientationPortrait UIInterfaceOrientationPortraitUpsideDown UIInterfaceOrientationLandscapeLeft UIInterfaceOrientationLandscapeRight";
				INFOPLIST_KEY_UISupportedInterfaceOrientations_iPhone = "UIInterfaceOrientationPortrait UIInterfaceOrientationLandscapeLeft UIInterfaceOrientationLandscapeRight";
				IPHONEOS_DEPLOYMENT_TARGET = 16.0;
				LD_RUNPATH_SEARCH_PATHS = (
					"$(inherited)",
					"@executable_path/Frameworks",
				);
				MARKETING_VERSION = 1.0;
				PRODUCT_BUNDLE_IDENTIFIER = "com.ya.KODE-Test-Task";
				PRODUCT_NAME = "$(TARGET_NAME)";
				SWIFT_EMIT_LOC_STRINGS = YES;
				SWIFT_VERSION = 5.0;
				TARGETED_DEVICE_FAMILY = "1,2";
			};
			name = Release;
		};
/* End XCBuildConfiguration section */

/* Begin XCConfigurationList section */
		3F51A3DA2B0D08B500BDAA93 /* Build configuration list for PBXProject "KODE-Test-Task" */ = {
			isa = XCConfigurationList;
			buildConfigurations = (
				3F51A3F12B0D08B700BDAA93 /* Debug */,
				3F51A3F22B0D08B700BDAA93 /* Release */,
			);
			defaultConfigurationIsVisible = 0;
			defaultConfigurationName = Release;
		};
		3F51A3F32B0D08B700BDAA93 /* Build configuration list for PBXNativeTarget "KODE-Test-Task" */ = {
			isa = XCConfigurationList;
			buildConfigurations = (
				3F51A3F42B0D08B700BDAA93 /* Debug */,
				3F51A3F52B0D08B700BDAA93 /* Release */,
			);
			defaultConfigurationIsVisible = 0;
			defaultConfigurationName = Release;
		};
/* End XCConfigurationList section */

/* Begin XCRemoteSwiftPackageReference section */
		3FB984F62B0FBA2D006B420B /* XCRemoteSwiftPackageReference "SkeletonView" */ = {
			isa = XCRemoteSwiftPackageReference;
			repositoryURL = "https://github.com/Juanpe/SkeletonView.git";
			requirement = {
				kind = upToNextMajorVersion;
				minimumVersion = 1.7.0;
			};
		};
/* End XCRemoteSwiftPackageReference section */

/* Begin XCSwiftPackageProductDependency section */
		3FB984F72B0FBA2D006B420B /* SkeletonView */ = {
			isa = XCSwiftPackageProductDependency;
			package = 3FB984F62B0FBA2D006B420B /* XCRemoteSwiftPackageReference "SkeletonView" */;
			productName = SkeletonView;
		};
/* End XCSwiftPackageProductDependency section */
	};
	rootObject = 3F51A3D72B0D08B500BDAA93 /* Project object */;
}
